
Microsoft Visual Studio Solution File, Format Version 12.00
# Visual Studio Version 16
VisualStudioVersion = 16.0.29025.244
MinimumVisualStudioVersion = 10.0.40219.1
Project("{9A19103F-16F7-4668-BE54-9A1E7A4F7556}") = "W'sBDI", "W'sBDI\W'sBDI.csproj", "{DF95DA0C-D4C7-487B-8FA0-C14A19A14019}"
EndProject
Project("{2150E333-8FDC-42A3-9474-1A3956D46DE8}") = "Tests", "Tests", "{CB8960F8-BBC5-4DF9-8C9A-B60293B4121B}"
EndProject
Project("{9A19103F-16F7-4668-BE54-9A1E7A4F7556}") = "WSBDITest1", "WSBDITest1\WSBDITest1.csproj", "{AF3DA831-CB12-48F1-9D62-2D2B51B1E769}"
EndProject
Global
	GlobalSection(SolutionConfigurationPlatforms) = preSolution
		Debug|Any CPU = Debug|Any CPU
		Release|Any CPU = Release|Any CPU
	EndGlobalSection
	GlobalSection(ProjectConfigurationPlatforms) = postSolution
		{DF95DA0C-D4C7-487B-8FA0-C14A19A14019}.Debug|Any CPU.ActiveCfg = Debug|Any CPU
		{DF95DA0C-D4C7-487B-8FA0-C14A19A14019}.Debug|Any CPU.Build.0 = Debug|Any CPU
		{DF95DA0C-D4C7-487B-8FA0-C14A19A14019}.Release|Any CPU.ActiveCfg = Release|Any CPU
		{DF95DA0C-D4C7-487B-8FA0-C14A19A14019}.Release|Any CPU.Build.0 = Release|Any CPU
		{AF3DA831-CB12-48F1-9D62-2D2B51B1E769}.Debug|Any CPU.ActiveCfg = Debug|Any CPU
		{AF3DA831-CB12-48F1-9D62-2D2B51B1E769}.Debug|Any CPU.Build.0 = Debug|Any CPU
		{AF3DA831-CB12-48F1-9D62-2D2B51B1E769}.Release|Any CPU.ActiveCfg = Release|Any CPU
		{AF3DA831-CB12-48F1-9D62-2D2B51B1E769}.Release|Any CPU.Build.0 = Release|Any CPU
	EndGlobalSection
	GlobalSection(SolutionProperties) = preSolution
		HideSolutionNode = FALSE
	EndGlobalSection
	GlobalSection(NestedProjects) = preSolution
		{AF3DA831-CB12-48F1-9D62-2D2B51B1E769} = {CB8960F8-BBC5-4DF9-8C9A-B60293B4121B}
	EndGlobalSection
	GlobalSection(ExtensibilityGlobals) = postSolution
		SolutionGuid = {81D2DA0D-9582-4639-99D4-90C5AD654221}
	EndGlobalSection
EndGlobal
